
Microsoft Visual Studio Solution File, Format Version 12.00
# Visual Studio Version 17
VisualStudioVersion = 17.2.32630.192
MinimumVisualStudioVersion = 10.0.40219.1
Project("{9A19103F-16F7-4668-BE54-9A1E7A4F7556}") = "R5T.Pickwich.Norsica.Construction", "R5T.Pickwich.Norsica.Construction\R5T.Pickwich.Norsica.Construction.csproj", "{E6CF40F1-47DC-465E-AE71-FEDA542854D8}"
EndProject
Project("{9A19103F-16F7-4668-BE54-9A1E7A4F7556}") = "R5T.Pickwich.Norsica", "R5T.Pickwich.Norsica\R5T.Pickwich.Norsica.csproj", "{54257EE7-BE48-48CD-B1F6-1967426A2445}"
EndProject
Project("{9A19103F-16F7-4668-BE54-9A1E7A4F7556}") = "R5T.Pickwich.Norsica.Testing", "R5T.Pickwich.Norsica.Testing\R5T.Pickwich.Norsica.Testing.csproj", "{7A0DD4A8-14D5-4CAE-9A04-E096BC3FAB01}"
EndProject
Project("{2150E333-8FDC-42A3-9474-1A3956D46DE8}") = "_Dependencies", "_Dependencies", "{A49C533F-7F89-40C5-B08F-815E2A1BF9D9}"
EndProject
Project("{9A19103F-16F7-4668-BE54-9A1E7A4F7556}") = "R5T.Pickwich.Base", "..\..\R5T.Pickwich.Base\source\R5T.Pickwich.Base\R5T.Pickwich.Base.csproj", "{3F0320B5-E2DA-4AF2-849E-FA0674E2CEFC}"
EndProject
Project("{9A19103F-16F7-4668-BE54-9A1E7A4F7556}") = "R5T.Norsica.Standard", "..\..\R5T.Norsica.Standard\source\R5T.Norsica.Standard\R5T.Norsica.Standard.csproj", "{D83AB4D5-67B2-4605-96A6-63340D85620B}"
EndProject
Project("{9A19103F-16F7-4668-BE54-9A1E7A4F7556}") = "R5T.Pickwich.Types", "..\..\R5T.Pickwich.Types\source\R5T.Pickwich.Types\R5T.Pickwich.Types.csproj", "{531255A2-3711-4447-B8EC-E706E46ADEA4}"
EndProject
Project("{9A19103F-16F7-4668-BE54-9A1E7A4F7556}") = "R5T.Caledonia.Default", "..\..\R5T.Caledonia.Default\source\R5T.Caledonia.Default\R5T.Caledonia.Default.csproj", "{9C238BCC-3C1F-4C94-964F-58B90BB10355}"
EndProject
Project("{9A19103F-16F7-4668-BE54-9A1E7A4F7556}") = "R5T.Caledonia.Base", "..\..\R5T.Caledonia.Base\source\R5T.Caledonia.Base\R5T.Caledonia.Base.csproj", "{7E31F175-069C-44E8-97A1-9677147A2D0C}"
EndProject
Project("{9A19103F-16F7-4668-BE54-9A1E7A4F7556}") = "R5T.Caledonia.Types", "..\..\R5T.Caledonia.Types\source\R5T.Caledonia.Types\R5T.Caledonia.Types.csproj", "{7EF7099A-5DAF-4E3C-B05A-43C4F35693F9}"
EndProject
Project("{9A19103F-16F7-4668-BE54-9A1E7A4F7556}") = "R5T.Magyar", "..\..\R5T.Magyar\source\R5T.Magyar\R5T.Magyar.csproj", "{B9F6F7E4-4670-4767-B941-2490623047F7}"
EndProject
Project("{9A19103F-16F7-4668-BE54-9A1E7A4F7556}") = "R5T.Norsica.Configuration.Sardinia", "..\..\R5T.Norsica.Configuration.Sardinia\source\R5T.Norsica.Configuration.Sardinia\R5T.Norsica.Configuration.Sardinia.csproj", "{90229860-4040-4123-BBF7-9BAFC14E93C3}"
EndProject
Project("{9A19103F-16F7-4668-BE54-9A1E7A4F7556}") = "R5T.Norsica.Configuration", "..\..\R5T.Norsica.Configuration\source\R5T.Norsica.Configuration\R5T.Norsica.Configuration.csproj", "{289C9AE3-3F79-4ECF-9E0D-9F3A2A90ADC0}"
EndProject
Project("{9A19103F-16F7-4668-BE54-9A1E7A4F7556}") = "R5T.Sardinia", "..\..\R5T.Sardinia\source\R5T.Sardinia\R5T.Sardinia.csproj", "{15DFF89E-D58D-4EF2-B954-77A036F789AA}"
EndProject
Project("{9A19103F-16F7-4668-BE54-9A1E7A4F7556}") = "R5T.Chamavia", "..\..\R5T.Chamavia\source\R5T.Chamavia\R5T.Chamavia.csproj", "{CCB5146E-EDE2-4B22-B024-F0C3966AFA3F}"
EndProject
Project("{9A19103F-16F7-4668-BE54-9A1E7A4F7556}") = "R5T.Dacia", "..\..\R5T.Dacia\source\R5T.Dacia\R5T.Dacia.csproj", "{A7D5E636-10BC-4D1F-A878-243740D0A124}"
EndProject
Project("{9A19103F-16F7-4668-BE54-9A1E7A4F7556}") = "R5T.Opatia", "..\..\R5T.Opatia\source\R5T.Opatia\R5T.Opatia.csproj", "{73D25EF3-7164-4FCB-9231-01AC6840807D}"
EndProject
Project("{9A19103F-16F7-4668-BE54-9A1E7A4F7556}") = "R5T.Norsica.Configuration.Suebia", "..\..\R5T.Norsica.Configuration.Suebia\source\R5T.Norsica.Configuration.Suebia\R5T.Norsica.Configuration.Suebia.csproj", "{FEBDED82-3E29-4593-82A5-1BB9DA57C8BC}"
EndProject
Project("{9A19103F-16F7-4668-BE54-9A1E7A4F7556}") = "R5T.Suebia.Extensions", "..\..\R5T.Suebia.Extensions\source\R5T.Suebia.Extensions\R5T.Suebia.Extensions.csproj", "{1D76CD6A-888A-40BE-AFBD-D752B2C20070}"
EndProject
Project("{9A19103F-16F7-4668-BE54-9A1E7A4F7556}") = "R5T.Suebia.Base", "..\..\R5T.Suebia.Base\source\R5T.Suebia.Base\R5T.Suebia.Base.csproj", "{CC09C2F3-1263-4C43-A89B-67CAA06D27BD}"
EndProject
Project("{9A19103F-16F7-4668-BE54-9A1E7A4F7556}") = "R5T.Norsica.Default", "..\..\R5T.Norsica.Default\source\R5T.Norsica.Default\R5T.Norsica.Default.csproj", "{B60CD732-BB8A-4F75-B80C-3A97F7FD0428}"
EndProject
Project("{9A19103F-16F7-4668-BE54-9A1E7A4F7556}") = "R5T.Norsica.Base", "..\..\R5T.Norsica.Base\source\R5T.Norsica.Base\R5T.Norsica.Base.csproj", "{6D9BE7E3-B8C8-4300-8732-03468F30611D}"
EndProject
Project("{9A19103F-16F7-4668-BE54-9A1E7A4F7556}") = "R5T.Norsica.Commands", "..\..\R5T.Norsica.Commands\source\R5T.Norsica.Commands\R5T.Norsica.Commands.csproj", "{CC346483-CD96-4976-97FD-BCF63F092989}"
EndProject
Project("{9A19103F-16F7-4668-BE54-9A1E7A4F7556}") = "R5T.Heraklion", "..\..\R5T.Heraklion\source\R5T.Heraklion\R5T.Heraklion.csproj", "{A415CA26-C87B-472C-B5F3-1191406A0D28}"
EndProject
Project("{9A19103F-16F7-4668-BE54-9A1E7A4F7556}") = "R5T.Piraeus", "..\..\R5T.Piraeus\source\R5T.Piraeus\R5T.Piraeus.csproj", "{992A7C20-ADB8-48C7-8573-A6FD7AA36817}"
EndProject
Project("{9A19103F-16F7-4668-BE54-9A1E7A4F7556}") = "R5T.Volos", "..\..\R5T.Volos\source\R5T.Volos\R5T.Volos.csproj", "{1E52E5A5-6F28-4E00-86CE-14220E89C865}"
EndProject
Project("{9A19103F-16F7-4668-BE54-9A1E7A4F7556}") = "R5T.Heraklion.Default", "..\..\R5T.Heraklion.Default\source\R5T.Heraklion.Default\R5T.Heraklion.Default.csproj", "{3C6BF65D-D311-4528-B32B-CA9B4ABF5045}"
EndProject
Project("{9A19103F-16F7-4668-BE54-9A1E7A4F7556}") = "R5T.Piraeus.StringBuilder", "..\..\R5T.Piraeus.StringBuilder\source\R5T.Piraeus.StringBuilder\R5T.Piraeus.StringBuilder.csproj", "{9C754707-ED1C-44AD-94C2-104C9A1F233A}"
EndProject
Project("{FAE04EC0-301F-11D3-BF4B-00C04F79EFBC}") = "R5T.T0064", "..\..\R5T.T0064\source\R5T.T0064\R5T.T0064.csproj", "{852BEAF0-6393-48CD-AB74-9C02A0082A89}"
EndProject
Project("{9A19103F-16F7-4668-BE54-9A1E7A4F7556}") = "R5T.Angleterria", "..\..\R5T.Angleterria\source\R5T.Angleterria\R5T.Angleterria.csproj", "{F7FEE099-FED0-4C5E-8670-784F337CEF46}"
EndProject
Project("{9A19103F-16F7-4668-BE54-9A1E7A4F7556}") = "R5T.Chamavia.Extensions", "..\..\R5T.Chamavia.Extensions\source\R5T.Chamavia.Extensions\R5T.Chamavia.Extensions.csproj", "{D916D8F1-0A03-4786-AEC0-02593254B14D}"
EndProject
Project("{9A19103F-16F7-4668-BE54-9A1E7A4F7556}") = "R5T.Dacia.Extensions", "..\..\R5T.Dacia.Extensions\source\R5T.Dacia.Extensions\R5T.Dacia.Extensions.csproj", "{3959F884-86CB-48F2-AC6E-DFE998737C75}"
EndProject
Project("{9A19103F-16F7-4668-BE54-9A1E7A4F7556}") = "R5T.Exeter", "..\..\R5T.Exeter\source\R5T.Exeter\R5T.Exeter.csproj", "{934E906C-81D6-40A2-97D7-882782A21E2B}"
EndProject
Project("{9A19103F-16F7-4668-BE54-9A1E7A4F7556}") = "R5T.Langobard.Extensions", "..\..\R5T.Langobard.Extensions\source\R5T.Langobard.Extensions\R5T.Langobard.Extensions.csproj", "{9FB72D8E-1027-42C6-BBFD-DDCD8B268D29}"
EndProject
Project("{9A19103F-16F7-4668-BE54-9A1E7A4F7556}") = "R5T.Langobard.Console", "..\..\R5T.Langobard\source\R5T.Langobard.Console\R5T.Langobard.Console.csproj", "{572563D3-CFFE-4781-8EAC-7261A350CDC3}"
EndProject
Project("{9A19103F-16F7-4668-BE54-9A1E7A4F7556}") = "R5T.Langobard", "..\..\R5T.Langobard\source\R5T.Langobard\R5T.Langobard.csproj", "{D61DEA06-0C8B-4457-BF7B-8EB3A3DA017B}"
EndProject
Project("{9A19103F-16F7-4668-BE54-9A1E7A4F7556}") = "R5T.T0143", "..\..\R5T.T0143\source\R5T.T0143\R5T.T0143.csproj", "{6E728F40-CFEB-4B2C-BB65-36B69F2F7DD4}"
EndProject
Global
	GlobalSection(NestedProjects) = preSolution
		{3F0320B5-E2DA-4AF2-849E-FA0674E2CEFC} = {A49C533F-7F89-40C5-B08F-815E2A1BF9D9}
		{D83AB4D5-67B2-4605-96A6-63340D85620B} = {A49C533F-7F89-40C5-B08F-815E2A1BF9D9}
		{531255A2-3711-4447-B8EC-E706E46ADEA4} = {A49C533F-7F89-40C5-B08F-815E2A1BF9D9}
		{9C238BCC-3C1F-4C94-964F-58B90BB10355} = {A49C533F-7F89-40C5-B08F-815E2A1BF9D9}
		{7E31F175-069C-44E8-97A1-9677147A2D0C} = {A49C533F-7F89-40C5-B08F-815E2A1BF9D9}
		{7EF7099A-5DAF-4E3C-B05A-43C4F35693F9} = {A49C533F-7F89-40C5-B08F-815E2A1BF9D9}
		{B9F6F7E4-4670-4767-B941-2490623047F7} = {A49C533F-7F89-40C5-B08F-815E2A1BF9D9}
		{90229860-4040-4123-BBF7-9BAFC14E93C3} = {A49C533F-7F89-40C5-B08F-815E2A1BF9D9}
		{289C9AE3-3F79-4ECF-9E0D-9F3A2A90ADC0} = {A49C533F-7F89-40C5-B08F-815E2A1BF9D9}
		{15DFF89E-D58D-4EF2-B954-77A036F789AA} = {A49C533F-7F89-40C5-B08F-815E2A1BF9D9}
		{CCB5146E-EDE2-4B22-B024-F0C3966AFA3F} = {A49C533F-7F89-40C5-B08F-815E2A1BF9D9}
		{A7D5E636-10BC-4D1F-A878-243740D0A124} = {A49C533F-7F89-40C5-B08F-815E2A1BF9D9}
		{73D25EF3-7164-4FCB-9231-01AC6840807D} = {A49C533F-7F89-40C5-B08F-815E2A1BF9D9}
		{FEBDED82-3E29-4593-82A5-1BB9DA57C8BC} = {A49C533F-7F89-40C5-B08F-815E2A1BF9D9}
		{1D76CD6A-888A-40BE-AFBD-D752B2C20070} = {A49C533F-7F89-40C5-B08F-815E2A1BF9D9}
		{CC09C2F3-1263-4C43-A89B-67CAA06D27BD} = {A49C533F-7F89-40C5-B08F-815E2A1BF9D9}
		{B60CD732-BB8A-4F75-B80C-3A97F7FD0428} = {A49C533F-7F89-40C5-B08F-815E2A1BF9D9}
		{6D9BE7E3-B8C8-4300-8732-03468F30611D} = {A49C533F-7F89-40C5-B08F-815E2A1BF9D9}
		{CC346483-CD96-4976-97FD-BCF63F092989} = {A49C533F-7F89-40C5-B08F-815E2A1BF9D9}
		{A415CA26-C87B-472C-B5F3-1191406A0D28} = {A49C533F-7F89-40C5-B08F-815E2A1BF9D9}
		{992A7C20-ADB8-48C7-8573-A6FD7AA36817} = {A49C533F-7F89-40C5-B08F-815E2A1BF9D9}
		{1E52E5A5-6F28-4E00-86CE-14220E89C865} = {A49C533F-7F89-40C5-B08F-815E2A1BF9D9}
		{3C6BF65D-D311-4528-B32B-CA9B4ABF5045} = {A49C533F-7F89-40C5-B08F-815E2A1BF9D9}
		{9C754707-ED1C-44AD-94C2-104C9A1F233A} = {A49C533F-7F89-40C5-B08F-815E2A1BF9D9}
		{852BEAF0-6393-48CD-AB74-9C02A0082A89} = {A49C533F-7F89-40C5-B08F-815E2A1BF9D9}
		{F7FEE099-FED0-4C5E-8670-784F337CEF46} = {A49C533F-7F89-40C5-B08F-815E2A1BF9D9}
		{D916D8F1-0A03-4786-AEC0-02593254B14D} = {A49C533F-7F89-40C5-B08F-815E2A1BF9D9}
		{3959F884-86CB-48F2-AC6E-DFE998737C75} = {A49C533F-7F89-40C5-B08F-815E2A1BF9D9}
		{934E906C-81D6-40A2-97D7-882782A21E2B} = {A49C533F-7F89-40C5-B08F-815E2A1BF9D9}
		{9FB72D8E-1027-42C6-BBFD-DDCD8B268D29} = {A49C533F-7F89-40C5-B08F-815E2A1BF9D9}
		{572563D3-CFFE-4781-8EAC-7261A350CDC3} = {A49C533F-7F89-40C5-B08F-815E2A1BF9D9}
		{D61DEA06-0C8B-4457-BF7B-8EB3A3DA017B} = {A49C533F-7F89-40C5-B08F-815E2A1BF9D9}
		{6E728F40-CFEB-4B2C-BB65-36B69F2F7DD4} = {A49C533F-7F89-40C5-B08F-815E2A1BF9D9}
	EndGlobalSection
	GlobalSection(SolutionConfigurationPlatforms) = preSolution
		Debug|Any CPU = Debug|Any CPU
		Debug|x64 = Debug|x64
		Debug|x86 = Debug|x86
		Release|Any CPU = Release|Any CPU
		Release|x64 = Release|x64
		Release|x86 = Release|x86
	EndGlobalSection
	GlobalSection(ProjectConfigurationPlatforms) = postSolution
		{E6CF40F1-47DC-465E-AE71-FEDA542854D8}.Debug|Any CPU.ActiveCfg = Debug|Any CPU
		{E6CF40F1-47DC-465E-AE71-FEDA542854D8}.Debug|Any CPU.Build.0 = Debug|Any CPU
		{E6CF40F1-47DC-465E-AE71-FEDA542854D8}.Debug|x64.ActiveCfg = Debug|Any CPU
		{E6CF40F1-47DC-465E-AE71-FEDA542854D8}.Debug|x64.Build.0 = Debug|Any CPU
		{E6CF40F1-47DC-465E-AE71-FEDA542854D8}.Debug|x86.ActiveCfg = Debug|Any CPU
		{E6CF40F1-47DC-465E-AE71-FEDA542854D8}.Debug|x86.Build.0 = Debug|Any CPU
		{E6CF40F1-47DC-465E-AE71-FEDA542854D8}.Release|Any CPU.ActiveCfg = Release|Any CPU
		{E6CF40F1-47DC-465E-AE71-FEDA542854D8}.Release|Any CPU.Build.0 = Release|Any CPU
		{E6CF40F1-47DC-465E-AE71-FEDA542854D8}.Release|x64.ActiveCfg = Release|Any CPU
		{E6CF40F1-47DC-465E-AE71-FEDA542854D8}.Release|x64.Build.0 = Release|Any CPU
		{E6CF40F1-47DC-465E-AE71-FEDA542854D8}.Release|x86.ActiveCfg = Release|Any CPU
		{E6CF40F1-47DC-465E-AE71-FEDA542854D8}.Release|x86.Build.0 = Release|Any CPU
		{54257EE7-BE48-48CD-B1F6-1967426A2445}.Debug|Any CPU.ActiveCfg = Debug|Any CPU
		{54257EE7-BE48-48CD-B1F6-1967426A2445}.Debug|Any CPU.Build.0 = Debug|Any CPU
		{54257EE7-BE48-48CD-B1F6-1967426A2445}.Debug|x64.ActiveCfg = Debug|Any CPU
		{54257EE7-BE48-48CD-B1F6-1967426A2445}.Debug|x64.Build.0 = Debug|Any CPU
		{54257EE7-BE48-48CD-B1F6-1967426A2445}.Debug|x86.ActiveCfg = Debug|Any CPU
		{54257EE7-BE48-48CD-B1F6-1967426A2445}.Debug|x86.Build.0 = Debug|Any CPU
		{54257EE7-BE48-48CD-B1F6-1967426A2445}.Release|Any CPU.ActiveCfg = Release|Any CPU
		{54257EE7-BE48-48CD-B1F6-1967426A2445}.Release|Any CPU.Build.0 = Release|Any CPU
		{54257EE7-BE48-48CD-B1F6-1967426A2445}.Release|x64.ActiveCfg = Release|Any CPU
		{54257EE7-BE48-48CD-B1F6-1967426A2445}.Release|x64.Build.0 = Release|Any CPU
		{54257EE7-BE48-48CD-B1F6-1967426A2445}.Release|x86.ActiveCfg = Release|Any CPU
		{54257EE7-BE48-48CD-B1F6-1967426A2445}.Release|x86.Build.0 = Release|Any CPU
		{7A0DD4A8-14D5-4CAE-9A04-E096BC3FAB01}.Debug|Any CPU.ActiveCfg = Debug|Any CPU
		{7A0DD4A8-14D5-4CAE-9A04-E096BC3FAB01}.Debug|Any CPU.Build.0 = Debug|Any CPU
		{7A0DD4A8-14D5-4CAE-9A04-E096BC3FAB01}.Debug|x64.ActiveCfg = Debug|Any CPU
		{7A0DD4A8-14D5-4CAE-9A04-E096BC3FAB01}.Debug|x64.Build.0 = Debug|Any CPU
		{7A0DD4A8-14D5-4CAE-9A04-E096BC3FAB01}.Debug|x86.ActiveCfg = Debug|Any CPU
		{7A0DD4A8-14D5-4CAE-9A04-E096BC3FAB01}.Debug|x86.Build.0 = Debug|Any CPU
		{7A0DD4A8-14D5-4CAE-9A04-E096BC3FAB01}.Release|Any CPU.ActiveCfg = Release|Any CPU
		{7A0DD4A8-14D5-4CAE-9A04-E096BC3FAB01}.Release|Any CPU.Build.0 = Release|Any CPU
		{7A0DD4A8-14D5-4CAE-9A04-E096BC3FAB01}.Release|x64.ActiveCfg = Release|Any CPU
		{7A0DD4A8-14D5-4CAE-9A04-E096BC3FAB01}.Release|x64.Build.0 = Release|Any CPU
		{7A0DD4A8-14D5-4CAE-9A04-E096BC3FAB01}.Release|x86.ActiveCfg = Release|Any CPU
		{7A0DD4A8-14D5-4CAE-9A04-E096BC3FAB01}.Release|x86.Build.0 = Release|Any CPU
		{3F0320B5-E2DA-4AF2-849E-FA0674E2CEFC}.Debug|Any CPU.ActiveCfg = Debug|Any CPU
		{3F0320B5-E2DA-4AF2-849E-FA0674E2CEFC}.Debug|Any CPU.Build.0 = Debug|Any CPU
		{3F0320B5-E2DA-4AF2-849E-FA0674E2CEFC}.Debug|x64.ActiveCfg = Debug|Any CPU
		{3F0320B5-E2DA-4AF2-849E-FA0674E2CEFC}.Debug|x64.Build.0 = Debug|Any CPU
		{3F0320B5-E2DA-4AF2-849E-FA0674E2CEFC}.Debug|x86.ActiveCfg = Debug|Any CPU
		{3F0320B5-E2DA-4AF2-849E-FA0674E2CEFC}.Debug|x86.Build.0 = Debug|Any CPU
		{3F0320B5-E2DA-4AF2-849E-FA0674E2CEFC}.Release|Any CPU.ActiveCfg = Release|Any CPU
		{3F0320B5-E2DA-4AF2-849E-FA0674E2CEFC}.Release|Any CPU.Build.0 = Release|Any CPU
		{3F0320B5-E2DA-4AF2-849E-FA0674E2CEFC}.Release|x64.ActiveCfg = Release|Any CPU
		{3F0320B5-E2DA-4AF2-849E-FA0674E2CEFC}.Release|x64.Build.0 = Release|Any CPU
		{3F0320B5-E2DA-4AF2-849E-FA0674E2CEFC}.Release|x86.ActiveCfg = Release|Any CPU
		{3F0320B5-E2DA-4AF2-849E-FA0674E2CEFC}.Release|x86.Build.0 = Release|Any CPU
		{D83AB4D5-67B2-4605-96A6-63340D85620B}.Debug|Any CPU.ActiveCfg = Debug|Any CPU
		{D83AB4D5-67B2-4605-96A6-63340D85620B}.Debug|Any CPU.Build.0 = Debug|Any CPU
		{D83AB4D5-67B2-4605-96A6-63340D85620B}.Debug|x64.ActiveCfg = Debug|Any CPU
		{D83AB4D5-67B2-4605-96A6-63340D85620B}.Debug|x64.Build.0 = Debug|Any CPU
		{D83AB4D5-67B2-4605-96A6-63340D85620B}.Debug|x86.ActiveCfg = Debug|Any CPU
		{D83AB4D5-67B2-4605-96A6-63340D85620B}.Debug|x86.Build.0 = Debug|Any CPU
		{D83AB4D5-67B2-4605-96A6-63340D85620B}.Release|Any CPU.ActiveCfg = Release|Any CPU
		{D83AB4D5-67B2-4605-96A6-63340D85620B}.Release|Any CPU.Build.0 = Release|Any CPU
		{D83AB4D5-67B2-4605-96A6-63340D85620B}.Release|x64.ActiveCfg = Release|Any CPU
		{D83AB4D5-67B2-4605-96A6-63340D85620B}.Release|x64.Build.0 = Release|Any CPU
		{D83AB4D5-67B2-4605-96A6-63340D85620B}.Release|x86.ActiveCfg = Release|Any CPU
		{D83AB4D5-67B2-4605-96A6-63340D85620B}.Release|x86.Build.0 = Release|Any CPU
		{531255A2-3711-4447-B8EC-E706E46ADEA4}.Debug|Any CPU.ActiveCfg = Debug|Any CPU
		{531255A2-3711-4447-B8EC-E706E46ADEA4}.Debug|Any CPU.Build.0 = Debug|Any CPU
		{531255A2-3711-4447-B8EC-E706E46ADEA4}.Debug|x64.ActiveCfg = Debug|Any CPU
		{531255A2-3711-4447-B8EC-E706E46ADEA4}.Debug|x64.Build.0 = Debug|Any CPU
		{531255A2-3711-4447-B8EC-E706E46ADEA4}.Debug|x86.ActiveCfg = Debug|Any CPU
		{531255A2-3711-4447-B8EC-E706E46ADEA4}.Debug|x86.Build.0 = Debug|Any CPU
		{531255A2-3711-4447-B8EC-E706E46ADEA4}.Release|Any CPU.ActiveCfg = Release|Any CPU
		{531255A2-3711-4447-B8EC-E706E46ADEA4}.Release|Any CPU.Build.0 = Release|Any CPU
		{531255A2-3711-4447-B8EC-E706E46ADEA4}.Release|x64.ActiveCfg = Release|Any CPU
		{531255A2-3711-4447-B8EC-E706E46ADEA4}.Release|x64.Build.0 = Release|Any CPU
		{531255A2-3711-4447-B8EC-E706E46ADEA4}.Release|x86.ActiveCfg = Release|Any CPU
		{531255A2-3711-4447-B8EC-E706E46ADEA4}.Release|x86.Build.0 = Release|Any CPU
		{9C238BCC-3C1F-4C94-964F-58B90BB10355}.Debug|Any CPU.ActiveCfg = Debug|Any CPU
		{9C238BCC-3C1F-4C94-964F-58B90BB10355}.Debug|Any CPU.Build.0 = Debug|Any CPU
		{9C238BCC-3C1F-4C94-964F-58B90BB10355}.Debug|x64.ActiveCfg = Debug|Any CPU
		{9C238BCC-3C1F-4C94-964F-58B90BB10355}.Debug|x64.Build.0 = Debug|Any CPU
		{9C238BCC-3C1F-4C94-964F-58B90BB10355}.Debug|x86.ActiveCfg = Debug|Any CPU
		{9C238BCC-3C1F-4C94-964F-58B90BB10355}.Debug|x86.Build.0 = Debug|Any CPU
		{9C238BCC-3C1F-4C94-964F-58B90BB10355}.Release|Any CPU.ActiveCfg = Release|Any CPU
		{9C238BCC-3C1F-4C94-964F-58B90BB10355}.Release|Any CPU.Build.0 = Release|Any CPU
		{9C238BCC-3C1F-4C94-964F-58B90BB10355}.Release|x64.ActiveCfg = Release|Any CPU
		{9C238BCC-3C1F-4C94-964F-58B90BB10355}.Release|x64.Build.0 = Release|Any CPU
		{9C238BCC-3C1F-4C94-964F-58B90BB10355}.Release|x86.ActiveCfg = Release|Any CPU
		{9C238BCC-3C1F-4C94-964F-58B90BB10355}.Release|x86.Build.0 = Release|Any CPU
		{7E31F175-069C-44E8-97A1-9677147A2D0C}.Debug|Any CPU.ActiveCfg = Debug|Any CPU
		{7E31F175-069C-44E8-97A1-9677147A2D0C}.Debug|Any CPU.Build.0 = Debug|Any CPU
		{7E31F175-069C-44E8-97A1-9677147A2D0C}.Debug|x64.ActiveCfg = Debug|Any CPU
		{7E31F175-069C-44E8-97A1-9677147A2D0C}.Debug|x64.Build.0 = Debug|Any CPU
		{7E31F175-069C-44E8-97A1-9677147A2D0C}.Debug|x86.ActiveCfg = Debug|Any CPU
		{7E31F175-069C-44E8-97A1-9677147A2D0C}.Debug|x86.Build.0 = Debug|Any CPU
		{7E31F175-069C-44E8-97A1-9677147A2D0C}.Release|Any CPU.ActiveCfg = Release|Any CPU
		{7E31F175-069C-44E8-97A1-9677147A2D0C}.Release|Any CPU.Build.0 = Release|Any CPU
		{7E31F175-069C-44E8-97A1-9677147A2D0C}.Release|x64.ActiveCfg = Release|Any CPU
		{7E31F175-069C-44E8-97A1-9677147A2D0C}.Release|x64.Build.0 = Release|Any CPU
		{7E31F175-069C-44E8-97A1-9677147A2D0C}.Release|x86.ActiveCfg = Release|Any CPU
		{7E31F175-069C-44E8-97A1-9677147A2D0C}.Release|x86.Build.0 = Release|Any CPU
		{7EF7099A-5DAF-4E3C-B05A-43C4F35693F9}.Debug|Any CPU.ActiveCfg = Debug|Any CPU
		{7EF7099A-5DAF-4E3C-B05A-43C4F35693F9}.Debug|Any CPU.Build.0 = Debug|Any CPU
		{7EF7099A-5DAF-4E3C-B05A-43C4F35693F9}.Debug|x64.ActiveCfg = Debug|Any CPU
		{7EF7099A-5DAF-4E3C-B05A-43C4F35693F9}.Debug|x64.Build.0 = Debug|Any CPU
		{7EF7099A-5DAF-4E3C-B05A-43C4F35693F9}.Debug|x86.ActiveCfg = Debug|Any CPU
		{7EF7099A-5DAF-4E3C-B05A-43C4F35693F9}.Debug|x86.Build.0 = Debug|Any CPU
		{7EF7099A-5DAF-4E3C-B05A-43C4F35693F9}.Release|Any CPU.ActiveCfg = Release|Any CPU
		{7EF7099A-5DAF-4E3C-B05A-43C4F35693F9}.Release|Any CPU.Build.0 = Release|Any CPU
		{7EF7099A-5DAF-4E3C-B05A-43C4F35693F9}.Release|x64.ActiveCfg = Release|Any CPU
		{7EF7099A-5DAF-4E3C-B05A-43C4F35693F9}.Release|x64.Build.0 = Release|Any CPU
		{7EF7099A-5DAF-4E3C-B05A-43C4F35693F9}.Release|x86.ActiveCfg = Release|Any CPU
		{7EF7099A-5DAF-4E3C-B05A-43C4F35693F9}.Release|x86.Build.0 = Release|Any CPU
		{B9F6F7E4-4670-4767-B941-2490623047F7}.Debug|Any CPU.ActiveCfg = Debug|Any CPU
		{B9F6F7E4-4670-4767-B941-2490623047F7}.Debug|Any CPU.Build.0 = Debug|Any CPU
		{B9F6F7E4-4670-4767-B941-2490623047F7}.Debug|x64.ActiveCfg = Debug|Any CPU
		{B9F6F7E4-4670-4767-B941-2490623047F7}.Debug|x64.Build.0 = Debug|Any CPU
		{B9F6F7E4-4670-4767-B941-2490623047F7}.Debug|x86.ActiveCfg = Debug|Any CPU
		{B9F6F7E4-4670-4767-B941-2490623047F7}.Debug|x86.Build.0 = Debug|Any CPU
		{B9F6F7E4-4670-4767-B941-2490623047F7}.Release|Any CPU.ActiveCfg = Release|Any CPU
		{B9F6F7E4-4670-4767-B941-2490623047F7}.Release|Any CPU.Build.0 = Release|Any CPU
		{B9F6F7E4-4670-4767-B941-2490623047F7}.Release|x64.ActiveCfg = Release|Any CPU
		{B9F6F7E4-4670-4767-B941-2490623047F7}.Release|x64.Build.0 = Release|Any CPU
		{B9F6F7E4-4670-4767-B941-2490623047F7}.Release|x86.ActiveCfg = Release|Any CPU
		{B9F6F7E4-4670-4767-B941-2490623047F7}.Release|x86.Build.0 = Release|Any CPU
		{90229860-4040-4123-BBF7-9BAFC14E93C3}.Debug|Any CPU.ActiveCfg = Debug|Any CPU
		{90229860-4040-4123-BBF7-9BAFC14E93C3}.Debug|Any CPU.Build.0 = Debug|Any CPU
		{90229860-4040-4123-BBF7-9BAFC14E93C3}.Debug|x64.ActiveCfg = Debug|Any CPU
		{90229860-4040-4123-BBF7-9BAFC14E93C3}.Debug|x64.Build.0 = Debug|Any CPU
		{90229860-4040-4123-BBF7-9BAFC14E93C3}.Debug|x86.ActiveCfg = Debug|Any CPU
		{90229860-4040-4123-BBF7-9BAFC14E93C3}.Debug|x86.Build.0 = Debug|Any CPU
		{90229860-4040-4123-BBF7-9BAFC14E93C3}.Release|Any CPU.ActiveCfg = Release|Any CPU
		{90229860-4040-4123-BBF7-9BAFC14E93C3}.Release|Any CPU.Build.0 = Release|Any CPU
		{90229860-4040-4123-BBF7-9BAFC14E93C3}.Release|x64.ActiveCfg = Release|Any CPU
		{90229860-4040-4123-BBF7-9BAFC14E93C3}.Release|x64.Build.0 = Release|Any CPU
		{90229860-4040-4123-BBF7-9BAFC14E93C3}.Release|x86.ActiveCfg = Release|Any CPU
		{90229860-4040-4123-BBF7-9BAFC14E93C3}.Release|x86.Build.0 = Release|Any CPU
		{289C9AE3-3F79-4ECF-9E0D-9F3A2A90ADC0}.Debug|Any CPU.ActiveCfg = Debug|Any CPU
		{289C9AE3-3F79-4ECF-9E0D-9F3A2A90ADC0}.Debug|Any CPU.Build.0 = Debug|Any CPU
		{289C9AE3-3F79-4ECF-9E0D-9F3A2A90ADC0}.Debug|x64.ActiveCfg = Debug|Any CPU
		{289C9AE3-3F79-4ECF-9E0D-9F3A2A90ADC0}.Debug|x64.Build.0 = Debug|Any CPU
		{289C9AE3-3F79-4ECF-9E0D-9F3A2A90ADC0}.Debug|x86.ActiveCfg = Debug|Any CPU
		{289C9AE3-3F79-4ECF-9E0D-9F3A2A90ADC0}.Debug|x86.Build.0 = Debug|Any CPU
		{289C9AE3-3F79-4ECF-9E0D-9F3A2A90ADC0}.Release|Any CPU.ActiveCfg = Release|Any CPU
		{289C9AE3-3F79-4ECF-9E0D-9F3A2A90ADC0}.Release|Any CPU.Build.0 = Release|Any CPU
		{289C9AE3-3F79-4ECF-9E0D-9F3A2A90ADC0}.Release|x64.ActiveCfg = Release|Any CPU
		{289C9AE3-3F79-4ECF-9E0D-9F3A2A90ADC0}.Release|x64.Build.0 = Release|Any CPU
		{289C9AE3-3F79-4ECF-9E0D-9F3A2A90ADC0}.Release|x86.ActiveCfg = Release|Any CPU
		{289C9AE3-3F79-4ECF-9E0D-9F3A2A90ADC0}.Release|x86.Build.0 = Release|Any CPU
		{15DFF89E-D58D-4EF2-B954-77A036F789AA}.Debug|Any CPU.ActiveCfg = Debug|Any CPU
		{15DFF89E-D58D-4EF2-B954-77A036F789AA}.Debug|Any CPU.Build.0 = Debug|Any CPU
		{15DFF89E-D58D-4EF2-B954-77A036F789AA}.Debug|x64.ActiveCfg = Debug|Any CPU
		{15DFF89E-D58D-4EF2-B954-77A036F789AA}.Debug|x64.Build.0 = Debug|Any CPU
		{15DFF89E-D58D-4EF2-B954-77A036F789AA}.Debug|x86.ActiveCfg = Debug|Any CPU
		{15DFF89E-D58D-4EF2-B954-77A036F789AA}.Debug|x86.Build.0 = Debug|Any CPU
		{15DFF89E-D58D-4EF2-B954-77A036F789AA}.Release|Any CPU.ActiveCfg = Release|Any CPU
		{15DFF89E-D58D-4EF2-B954-77A036F789AA}.Release|Any CPU.Build.0 = Release|Any CPU
		{15DFF89E-D58D-4EF2-B954-77A036F789AA}.Release|x64.ActiveCfg = Release|Any CPU
		{15DFF89E-D58D-4EF2-B954-77A036F789AA}.Release|x64.Build.0 = Release|Any CPU
		{15DFF89E-D58D-4EF2-B954-77A036F789AA}.Release|x86.ActiveCfg = Release|Any CPU
		{15DFF89E-D58D-4EF2-B954-77A036F789AA}.Release|x86.Build.0 = Release|Any CPU
		{CCB5146E-EDE2-4B22-B024-F0C3966AFA3F}.Debug|Any CPU.ActiveCfg = Debug|Any CPU
		{CCB5146E-EDE2-4B22-B024-F0C3966AFA3F}.Debug|Any CPU.Build.0 = Debug|Any CPU
		{CCB5146E-EDE2-4B22-B024-F0C3966AFA3F}.Debug|x64.ActiveCfg = Debug|Any CPU
		{CCB5146E-EDE2-4B22-B024-F0C3966AFA3F}.Debug|x64.Build.0 = Debug|Any CPU
		{CCB5146E-EDE2-4B22-B024-F0C3966AFA3F}.Debug|x86.ActiveCfg = Debug|Any CPU
		{CCB5146E-EDE2-4B22-B024-F0C3966AFA3F}.Debug|x86.Build.0 = Debug|Any CPU
		{CCB5146E-EDE2-4B22-B024-F0C3966AFA3F}.Release|Any CPU.ActiveCfg = Release|Any CPU
		{CCB5146E-EDE2-4B22-B024-F0C3966AFA3F}.Release|Any CPU.Build.0 = Release|Any CPU
		{CCB5146E-EDE2-4B22-B024-F0C3966AFA3F}.Release|x64.ActiveCfg = Release|Any CPU
		{CCB5146E-EDE2-4B22-B024-F0C3966AFA3F}.Release|x64.Build.0 = Release|Any CPU
		{CCB5146E-EDE2-4B22-B024-F0C3966AFA3F}.Release|x86.ActiveCfg = Release|Any CPU
		{CCB5146E-EDE2-4B22-B024-F0C3966AFA3F}.Release|x86.Build.0 = Release|Any CPU
		{A7D5E636-10BC-4D1F-A878-243740D0A124}.Debug|Any CPU.ActiveCfg = Debug|Any CPU
		{A7D5E636-10BC-4D1F-A878-243740D0A124}.Debug|Any CPU.Build.0 = Debug|Any CPU
		{A7D5E636-10BC-4D1F-A878-243740D0A124}.Debug|x64.ActiveCfg = Debug|Any CPU
		{A7D5E636-10BC-4D1F-A878-243740D0A124}.Debug|x64.Build.0 = Debug|Any CPU
		{A7D5E636-10BC-4D1F-A878-243740D0A124}.Debug|x86.ActiveCfg = Debug|Any CPU
		{A7D5E636-10BC-4D1F-A878-243740D0A124}.Debug|x86.Build.0 = Debug|Any CPU
		{A7D5E636-10BC-4D1F-A878-243740D0A124}.Release|Any CPU.ActiveCfg = Release|Any CPU
		{A7D5E636-10BC-4D1F-A878-243740D0A124}.Release|Any CPU.Build.0 = Release|Any CPU
		{A7D5E636-10BC-4D1F-A878-243740D0A124}.Release|x64.ActiveCfg = Release|Any CPU
		{A7D5E636-10BC-4D1F-A878-243740D0A124}.Release|x64.Build.0 = Release|Any CPU
		{A7D5E636-10BC-4D1F-A878-243740D0A124}.Release|x86.ActiveCfg = Release|Any CPU
		{A7D5E636-10BC-4D1F-A878-243740D0A124}.Release|x86.Build.0 = Release|Any CPU
		{73D25EF3-7164-4FCB-9231-01AC6840807D}.Debug|Any CPU.ActiveCfg = Debug|Any CPU
		{73D25EF3-7164-4FCB-9231-01AC6840807D}.Debug|Any CPU.Build.0 = Debug|Any CPU
		{73D25EF3-7164-4FCB-9231-01AC6840807D}.Debug|x64.ActiveCfg = Debug|Any CPU
		{73D25EF3-7164-4FCB-9231-01AC6840807D}.Debug|x64.Build.0 = Debug|Any CPU
		{73D25EF3-7164-4FCB-9231-01AC6840807D}.Debug|x86.ActiveCfg = Debug|Any CPU
		{73D25EF3-7164-4FCB-9231-01AC6840807D}.Debug|x86.Build.0 = Debug|Any CPU
		{73D25EF3-7164-4FCB-9231-01AC6840807D}.Release|Any CPU.ActiveCfg = Release|Any CPU
		{73D25EF3-7164-4FCB-9231-01AC6840807D}.Release|Any CPU.Build.0 = Release|Any CPU
		{73D25EF3-7164-4FCB-9231-01AC6840807D}.Release|x64.ActiveCfg = Release|Any CPU
		{73D25EF3-7164-4FCB-9231-01AC6840807D}.Release|x64.Build.0 = Release|Any CPU
		{73D25EF3-7164-4FCB-9231-01AC6840807D}.Release|x86.ActiveCfg = Release|Any CPU
		{73D25EF3-7164-4FCB-9231-01AC6840807D}.Release|x86.Build.0 = Release|Any CPU
		{FEBDED82-3E29-4593-82A5-1BB9DA57C8BC}.Debug|Any CPU.ActiveCfg = Debug|Any CPU
		{FEBDED82-3E29-4593-82A5-1BB9DA57C8BC}.Debug|Any CPU.Build.0 = Debug|Any CPU
		{FEBDED82-3E29-4593-82A5-1BB9DA57C8BC}.Debug|x64.ActiveCfg = Debug|Any CPU
		{FEBDED82-3E29-4593-82A5-1BB9DA57C8BC}.Debug|x64.Build.0 = Debug|Any CPU
		{FEBDED82-3E29-4593-82A5-1BB9DA57C8BC}.Debug|x86.ActiveCfg = Debug|Any CPU
		{FEBDED82-3E29-4593-82A5-1BB9DA57C8BC}.Debug|x86.Build.0 = Debug|Any CPU
		{FEBDED82-3E29-4593-82A5-1BB9DA57C8BC}.Release|Any CPU.ActiveCfg = Release|Any CPU
		{FEBDED82-3E29-4593-82A5-1BB9DA57C8BC}.Release|Any CPU.Build.0 = Release|Any CPU
		{FEBDED82-3E29-4593-82A5-1BB9DA57C8BC}.Release|x64.ActiveCfg = Release|Any CPU
		{FEBDED82-3E29-4593-82A5-1BB9DA57C8BC}.Release|x64.Build.0 = Release|Any CPU
		{FEBDED82-3E29-4593-82A5-1BB9DA57C8BC}.Release|x86.ActiveCfg = Release|Any CPU
		{FEBDED82-3E29-4593-82A5-1BB9DA57C8BC}.Release|x86.Build.0 = Release|Any CPU
		{1D76CD6A-888A-40BE-AFBD-D752B2C20070}.Debug|Any CPU.ActiveCfg = Debug|Any CPU
		{1D76CD6A-888A-40BE-AFBD-D752B2C20070}.Debug|Any CPU.Build.0 = Debug|Any CPU
		{1D76CD6A-888A-40BE-AFBD-D752B2C20070}.Debug|x64.ActiveCfg = Debug|Any CPU
		{1D76CD6A-888A-40BE-AFBD-D752B2C20070}.Debug|x64.Build.0 = Debug|Any CPU
		{1D76CD6A-888A-40BE-AFBD-D752B2C20070}.Debug|x86.ActiveCfg = Debug|Any CPU
		{1D76CD6A-888A-40BE-AFBD-D752B2C20070}.Debug|x86.Build.0 = Debug|Any CPU
		{1D76CD6A-888A-40BE-AFBD-D752B2C20070}.Release|Any CPU.ActiveCfg = Release|Any CPU
		{1D76CD6A-888A-40BE-AFBD-D752B2C20070}.Release|Any CPU.Build.0 = Release|Any CPU
		{1D76CD6A-888A-40BE-AFBD-D752B2C20070}.Release|x64.ActiveCfg = Release|Any CPU
		{1D76CD6A-888A-40BE-AFBD-D752B2C20070}.Release|x64.Build.0 = Release|Any CPU
		{1D76CD6A-888A-40BE-AFBD-D752B2C20070}.Release|x86.ActiveCfg = Release|Any CPU
		{1D76CD6A-888A-40BE-AFBD-D752B2C20070}.Release|x86.Build.0 = Release|Any CPU
		{CC09C2F3-1263-4C43-A89B-67CAA06D27BD}.Debug|Any CPU.ActiveCfg = Debug|Any CPU
		{CC09C2F3-1263-4C43-A89B-67CAA06D27BD}.Debug|Any CPU.Build.0 = Debug|Any CPU
		{CC09C2F3-1263-4C43-A89B-67CAA06D27BD}.Debug|x64.ActiveCfg = Debug|Any CPU
		{CC09C2F3-1263-4C43-A89B-67CAA06D27BD}.Debug|x64.Build.0 = Debug|Any CPU
		{CC09C2F3-1263-4C43-A89B-67CAA06D27BD}.Debug|x86.ActiveCfg = Debug|Any CPU
		{CC09C2F3-1263-4C43-A89B-67CAA06D27BD}.Debug|x86.Build.0 = Debug|Any CPU
		{CC09C2F3-1263-4C43-A89B-67CAA06D27BD}.Release|Any CPU.ActiveCfg = Release|Any CPU
		{CC09C2F3-1263-4C43-A89B-67CAA06D27BD}.Release|Any CPU.Build.0 = Release|Any CPU
		{CC09C2F3-1263-4C43-A89B-67CAA06D27BD}.Release|x64.ActiveCfg = Release|Any CPU
		{CC09C2F3-1263-4C43-A89B-67CAA06D27BD}.Release|x64.Build.0 = Release|Any CPU
		{CC09C2F3-1263-4C43-A89B-67CAA06D27BD}.Release|x86.ActiveCfg = Release|Any CPU
		{CC09C2F3-1263-4C43-A89B-67CAA06D27BD}.Release|x86.Build.0 = Release|Any CPU
		{B60CD732-BB8A-4F75-B80C-3A97F7FD0428}.Debug|Any CPU.ActiveCfg = Debug|Any CPU
		{B60CD732-BB8A-4F75-B80C-3A97F7FD0428}.Debug|Any CPU.Build.0 = Debug|Any CPU
		{B60CD732-BB8A-4F75-B80C-3A97F7FD0428}.Debug|x64.ActiveCfg = Debug|Any CPU
		{B60CD732-BB8A-4F75-B80C-3A97F7FD0428}.Debug|x64.Build.0 = Debug|Any CPU
		{B60CD732-BB8A-4F75-B80C-3A97F7FD0428}.Debug|x86.ActiveCfg = Debug|Any CPU
		{B60CD732-BB8A-4F75-B80C-3A97F7FD0428}.Debug|x86.Build.0 = Debug|Any CPU
		{B60CD732-BB8A-4F75-B80C-3A97F7FD0428}.Release|Any CPU.ActiveCfg = Release|Any CPU
		{B60CD732-BB8A-4F75-B80C-3A97F7FD0428}.Release|Any CPU.Build.0 = Release|Any CPU
		{B60CD732-BB8A-4F75-B80C-3A97F7FD0428}.Release|x64.ActiveCfg = Release|Any CPU
		{B60CD732-BB8A-4F75-B80C-3A97F7FD0428}.Release|x64.Build.0 = Release|Any CPU
		{B60CD732-BB8A-4F75-B80C-3A97F7FD0428}.Release|x86.ActiveCfg = Release|Any CPU
		{B60CD732-BB8A-4F75-B80C-3A97F7FD0428}.Release|x86.Build.0 = Release|Any CPU
		{6D9BE7E3-B8C8-4300-8732-03468F30611D}.Debug|Any CPU.ActiveCfg = Debug|Any CPU
		{6D9BE7E3-B8C8-4300-8732-03468F30611D}.Debug|Any CPU.Build.0 = Debug|Any CPU
		{6D9BE7E3-B8C8-4300-8732-03468F30611D}.Debug|x64.ActiveCfg = Debug|Any CPU
		{6D9BE7E3-B8C8-4300-8732-03468F30611D}.Debug|x64.Build.0 = Debug|Any CPU
		{6D9BE7E3-B8C8-4300-8732-03468F30611D}.Debug|x86.ActiveCfg = Debug|Any CPU
		{6D9BE7E3-B8C8-4300-8732-03468F30611D}.Debug|x86.Build.0 = Debug|Any CPU
		{6D9BE7E3-B8C8-4300-8732-03468F30611D}.Release|Any CPU.ActiveCfg = Release|Any CPU
		{6D9BE7E3-B8C8-4300-8732-03468F30611D}.Release|Any CPU.Build.0 = Release|Any CPU
		{6D9BE7E3-B8C8-4300-8732-03468F30611D}.Release|x64.ActiveCfg = Release|Any CPU
		{6D9BE7E3-B8C8-4300-8732-03468F30611D}.Release|x64.Build.0 = Release|Any CPU
		{6D9BE7E3-B8C8-4300-8732-03468F30611D}.Release|x86.ActiveCfg = Release|Any CPU
		{6D9BE7E3-B8C8-4300-8732-03468F30611D}.Release|x86.Build.0 = Release|Any CPU
		{CC346483-CD96-4976-97FD-BCF63F092989}.Debug|Any CPU.ActiveCfg = Debug|Any CPU
		{CC346483-CD96-4976-97FD-BCF63F092989}.Debug|Any CPU.Build.0 = Debug|Any CPU
		{CC346483-CD96-4976-97FD-BCF63F092989}.Debug|x64.ActiveCfg = Debug|Any CPU
		{CC346483-CD96-4976-97FD-BCF63F092989}.Debug|x64.Build.0 = Debug|Any CPU
		{CC346483-CD96-4976-97FD-BCF63F092989}.Debug|x86.ActiveCfg = Debug|Any CPU
		{CC346483-CD96-4976-97FD-BCF63F092989}.Debug|x86.Build.0 = Debug|Any CPU
		{CC346483-CD96-4976-97FD-BCF63F092989}.Release|Any CPU.ActiveCfg = Release|Any CPU
		{CC346483-CD96-4976-97FD-BCF63F092989}.Release|Any CPU.Build.0 = Release|Any CPU
		{CC346483-CD96-4976-97FD-BCF63F092989}.Release|x64.ActiveCfg = Release|Any CPU
		{CC346483-CD96-4976-97FD-BCF63F092989}.Release|x64.Build.0 = Release|Any CPU
		{CC346483-CD96-4976-97FD-BCF63F092989}.Release|x86.ActiveCfg = Release|Any CPU
		{CC346483-CD96-4976-97FD-BCF63F092989}.Release|x86.Build.0 = Release|Any CPU
		{A415CA26-C87B-472C-B5F3-1191406A0D28}.Debug|Any CPU.ActiveCfg = Debug|Any CPU
		{A415CA26-C87B-472C-B5F3-1191406A0D28}.Debug|Any CPU.Build.0 = Debug|Any CPU
		{A415CA26-C87B-472C-B5F3-1191406A0D28}.Debug|x64.ActiveCfg = Debug|Any CPU
		{A415CA26-C87B-472C-B5F3-1191406A0D28}.Debug|x64.Build.0 = Debug|Any CPU
		{A415CA26-C87B-472C-B5F3-1191406A0D28}.Debug|x86.ActiveCfg = Debug|Any CPU
		{A415CA26-C87B-472C-B5F3-1191406A0D28}.Debug|x86.Build.0 = Debug|Any CPU
		{A415CA26-C87B-472C-B5F3-1191406A0D28}.Release|Any CPU.ActiveCfg = Release|Any CPU
		{A415CA26-C87B-472C-B5F3-1191406A0D28}.Release|Any CPU.Build.0 = Release|Any CPU
		{A415CA26-C87B-472C-B5F3-1191406A0D28}.Release|x64.ActiveCfg = Release|Any CPU
		{A415CA26-C87B-472C-B5F3-1191406A0D28}.Release|x64.Build.0 = Release|Any CPU
		{A415CA26-C87B-472C-B5F3-1191406A0D28}.Release|x86.ActiveCfg = Release|Any CPU
		{A415CA26-C87B-472C-B5F3-1191406A0D28}.Release|x86.Build.0 = Release|Any CPU
		{992A7C20-ADB8-48C7-8573-A6FD7AA36817}.Debug|Any CPU.ActiveCfg = Debug|Any CPU
		{992A7C20-ADB8-48C7-8573-A6FD7AA36817}.Debug|Any CPU.Build.0 = Debug|Any CPU
		{992A7C20-ADB8-48C7-8573-A6FD7AA36817}.Debug|x64.ActiveCfg = Debug|Any CPU
		{992A7C20-ADB8-48C7-8573-A6FD7AA36817}.Debug|x64.Build.0 = Debug|Any CPU
		{992A7C20-ADB8-48C7-8573-A6FD7AA36817}.Debug|x86.ActiveCfg = Debug|Any CPU
		{992A7C20-ADB8-48C7-8573-A6FD7AA36817}.Debug|x86.Build.0 = Debug|Any CPU
		{992A7C20-ADB8-48C7-8573-A6FD7AA36817}.Release|Any CPU.ActiveCfg = Release|Any CPU
		{992A7C20-ADB8-48C7-8573-A6FD7AA36817}.Release|Any CPU.Build.0 = Release|Any CPU
		{992A7C20-ADB8-48C7-8573-A6FD7AA36817}.Release|x64.ActiveCfg = Release|Any CPU
		{992A7C20-ADB8-48C7-8573-A6FD7AA36817}.Release|x64.Build.0 = Release|Any CPU
		{992A7C20-ADB8-48C7-8573-A6FD7AA36817}.Release|x86.ActiveCfg = Release|Any CPU
		{992A7C20-ADB8-48C7-8573-A6FD7AA36817}.Release|x86.Build.0 = Release|Any CPU
		{1E52E5A5-6F28-4E00-86CE-14220E89C865}.Debug|Any CPU.ActiveCfg = Debug|Any CPU
		{1E52E5A5-6F28-4E00-86CE-14220E89C865}.Debug|Any CPU.Build.0 = Debug|Any CPU
		{1E52E5A5-6F28-4E00-86CE-14220E89C865}.Debug|x64.ActiveCfg = Debug|Any CPU
		{1E52E5A5-6F28-4E00-86CE-14220E89C865}.Debug|x64.Build.0 = Debug|Any CPU
		{1E52E5A5-6F28-4E00-86CE-14220E89C865}.Debug|x86.ActiveCfg = Debug|Any CPU
		{1E52E5A5-6F28-4E00-86CE-14220E89C865}.Debug|x86.Build.0 = Debug|Any CPU
		{1E52E5A5-6F28-4E00-86CE-14220E89C865}.Release|Any CPU.ActiveCfg = Release|Any CPU
		{1E52E5A5-6F28-4E00-86CE-14220E89C865}.Release|Any CPU.Build.0 = Release|Any CPU
		{1E52E5A5-6F28-4E00-86CE-14220E89C865}.Release|x64.ActiveCfg = Release|Any CPU
		{1E52E5A5-6F28-4E00-86CE-14220E89C865}.Release|x64.Build.0 = Release|Any CPU
		{1E52E5A5-6F28-4E00-86CE-14220E89C865}.Release|x86.ActiveCfg = Release|Any CPU
		{1E52E5A5-6F28-4E00-86CE-14220E89C865}.Release|x86.Build.0 = Release|Any CPU
		{3C6BF65D-D311-4528-B32B-CA9B4ABF5045}.Debug|Any CPU.ActiveCfg = Debug|Any CPU
		{3C6BF65D-D311-4528-B32B-CA9B4ABF5045}.Debug|Any CPU.Build.0 = Debug|Any CPU
		{3C6BF65D-D311-4528-B32B-CA9B4ABF5045}.Debug|x64.ActiveCfg = Debug|Any CPU
		{3C6BF65D-D311-4528-B32B-CA9B4ABF5045}.Debug|x64.Build.0 = Debug|Any CPU
		{3C6BF65D-D311-4528-B32B-CA9B4ABF5045}.Debug|x86.ActiveCfg = Debug|Any CPU
		{3C6BF65D-D311-4528-B32B-CA9B4ABF5045}.Debug|x86.Build.0 = Debug|Any CPU
		{3C6BF65D-D311-4528-B32B-CA9B4ABF5045}.Release|Any CPU.ActiveCfg = Release|Any CPU
		{3C6BF65D-D311-4528-B32B-CA9B4ABF5045}.Release|Any CPU.Build.0 = Release|Any CPU
		{3C6BF65D-D311-4528-B32B-CA9B4ABF5045}.Release|x64.ActiveCfg = Release|Any CPU
		{3C6BF65D-D311-4528-B32B-CA9B4ABF5045}.Release|x64.Build.0 = Release|Any CPU
		{3C6BF65D-D311-4528-B32B-CA9B4ABF5045}.Release|x86.ActiveCfg = Release|Any CPU
		{3C6BF65D-D311-4528-B32B-CA9B4ABF5045}.Release|x86.Build.0 = Release|Any CPU
		{9C754707-ED1C-44AD-94C2-104C9A1F233A}.Debug|Any CPU.ActiveCfg = Debug|Any CPU
		{9C754707-ED1C-44AD-94C2-104C9A1F233A}.Debug|Any CPU.Build.0 = Debug|Any CPU
		{9C754707-ED1C-44AD-94C2-104C9A1F233A}.Debug|x64.ActiveCfg = Debug|Any CPU
		{9C754707-ED1C-44AD-94C2-104C9A1F233A}.Debug|x64.Build.0 = Debug|Any CPU
		{9C754707-ED1C-44AD-94C2-104C9A1F233A}.Debug|x86.ActiveCfg = Debug|Any CPU
		{9C754707-ED1C-44AD-94C2-104C9A1F233A}.Debug|x86.Build.0 = Debug|Any CPU
		{9C754707-ED1C-44AD-94C2-104C9A1F233A}.Release|Any CPU.ActiveCfg = Release|Any CPU
		{9C754707-ED1C-44AD-94C2-104C9A1F233A}.Release|Any CPU.Build.0 = Release|Any CPU
		{9C754707-ED1C-44AD-94C2-104C9A1F233A}.Release|x64.ActiveCfg = Release|Any CPU
		{9C754707-ED1C-44AD-94C2-104C9A1F233A}.Release|x64.Build.0 = Release|Any CPU
		{9C754707-ED1C-44AD-94C2-104C9A1F233A}.Release|x86.ActiveCfg = Release|Any CPU
		{9C754707-ED1C-44AD-94C2-104C9A1F233A}.Release|x86.Build.0 = Release|Any CPU
		{852BEAF0-6393-48CD-AB74-9C02A0082A89}.Debug|Any CPU.ActiveCfg = Debug|Any CPU
		{852BEAF0-6393-48CD-AB74-9C02A0082A89}.Debug|Any CPU.Build.0 = Debug|Any CPU
		{852BEAF0-6393-48CD-AB74-9C02A0082A89}.Debug|x64.ActiveCfg = Debug|Any CPU
		{852BEAF0-6393-48CD-AB74-9C02A0082A89}.Debug|x64.Build.0 = Debug|Any CPU
		{852BEAF0-6393-48CD-AB74-9C02A0082A89}.Debug|x86.ActiveCfg = Debug|Any CPU
		{852BEAF0-6393-48CD-AB74-9C02A0082A89}.Debug|x86.Build.0 = Debug|Any CPU
		{852BEAF0-6393-48CD-AB74-9C02A0082A89}.Release|Any CPU.ActiveCfg = Release|Any CPU
		{852BEAF0-6393-48CD-AB74-9C02A0082A89}.Release|Any CPU.Build.0 = Release|Any CPU
		{852BEAF0-6393-48CD-AB74-9C02A0082A89}.Release|x64.ActiveCfg = Release|Any CPU
		{852BEAF0-6393-48CD-AB74-9C02A0082A89}.Release|x64.Build.0 = Release|Any CPU
		{852BEAF0-6393-48CD-AB74-9C02A0082A89}.Release|x86.ActiveCfg = Release|Any CPU
		{852BEAF0-6393-48CD-AB74-9C02A0082A89}.Release|x86.Build.0 = Release|Any CPU
		{F7FEE099-FED0-4C5E-8670-784F337CEF46}.Debug|Any CPU.ActiveCfg = Debug|Any CPU
		{F7FEE099-FED0-4C5E-8670-784F337CEF46}.Debug|Any CPU.Build.0 = Debug|Any CPU
		{F7FEE099-FED0-4C5E-8670-784F337CEF46}.Debug|x64.ActiveCfg = Debug|Any CPU
		{F7FEE099-FED0-4C5E-8670-784F337CEF46}.Debug|x64.Build.0 = Debug|Any CPU
		{F7FEE099-FED0-4C5E-8670-784F337CEF46}.Debug|x86.ActiveCfg = Debug|Any CPU
		{F7FEE099-FED0-4C5E-8670-784F337CEF46}.Debug|x86.Build.0 = Debug|Any CPU
		{F7FEE099-FED0-4C5E-8670-784F337CEF46}.Release|Any CPU.ActiveCfg = Release|Any CPU
		{F7FEE099-FED0-4C5E-8670-784F337CEF46}.Release|Any CPU.Build.0 = Release|Any CPU
		{F7FEE099-FED0-4C5E-8670-784F337CEF46}.Release|x64.ActiveCfg = Release|Any CPU
		{F7FEE099-FED0-4C5E-8670-784F337CEF46}.Release|x64.Build.0 = Release|Any CPU
		{F7FEE099-FED0-4C5E-8670-784F337CEF46}.Release|x86.ActiveCfg = Release|Any CPU
		{F7FEE099-FED0-4C5E-8670-784F337CEF46}.Release|x86.Build.0 = Release|Any CPU
		{D916D8F1-0A03-4786-AEC0-02593254B14D}.Debug|Any CPU.ActiveCfg = Debug|Any CPU
		{D916D8F1-0A03-4786-AEC0-02593254B14D}.Debug|Any CPU.Build.0 = Debug|Any CPU
		{D916D8F1-0A03-4786-AEC0-02593254B14D}.Debug|x64.ActiveCfg = Debug|Any CPU
		{D916D8F1-0A03-4786-AEC0-02593254B14D}.Debug|x64.Build.0 = Debug|Any CPU
		{D916D8F1-0A03-4786-AEC0-02593254B14D}.Debug|x86.ActiveCfg = Debug|Any CPU
		{D916D8F1-0A03-4786-AEC0-02593254B14D}.Debug|x86.Build.0 = Debug|Any CPU
		{D916D8F1-0A03-4786-AEC0-02593254B14D}.Release|Any CPU.ActiveCfg = Release|Any CPU
		{D916D8F1-0A03-4786-AEC0-02593254B14D}.Release|Any CPU.Build.0 = Release|Any CPU
		{D916D8F1-0A03-4786-AEC0-02593254B14D}.Release|x64.ActiveCfg = Release|Any CPU
		{D916D8F1-0A03-4786-AEC0-02593254B14D}.Release|x64.Build.0 = Release|Any CPU
		{D916D8F1-0A03-4786-AEC0-02593254B14D}.Release|x86.ActiveCfg = Release|Any CPU
		{D916D8F1-0A03-4786-AEC0-02593254B14D}.Release|x86.Build.0 = Release|Any CPU
		{3959F884-86CB-48F2-AC6E-DFE998737C75}.Debug|Any CPU.ActiveCfg = Debug|Any CPU
		{3959F884-86CB-48F2-AC6E-DFE998737C75}.Debug|Any CPU.Build.0 = Debug|Any CPU
		{3959F884-86CB-48F2-AC6E-DFE998737C75}.Debug|x64.ActiveCfg = Debug|Any CPU
		{3959F884-86CB-48F2-AC6E-DFE998737C75}.Debug|x64.Build.0 = Debug|Any CPU
		{3959F884-86CB-48F2-AC6E-DFE998737C75}.Debug|x86.ActiveCfg = Debug|Any CPU
		{3959F884-86CB-48F2-AC6E-DFE998737C75}.Debug|x86.Build.0 = Debug|Any CPU
		{3959F884-86CB-48F2-AC6E-DFE998737C75}.Release|Any CPU.ActiveCfg = Release|Any CPU
		{3959F884-86CB-48F2-AC6E-DFE998737C75}.Release|Any CPU.Build.0 = Release|Any CPU
		{3959F884-86CB-48F2-AC6E-DFE998737C75}.Release|x64.ActiveCfg = Release|Any CPU
		{3959F884-86CB-48F2-AC6E-DFE998737C75}.Release|x64.Build.0 = Release|Any CPU
		{3959F884-86CB-48F2-AC6E-DFE998737C75}.Release|x86.ActiveCfg = Release|Any CPU
		{3959F884-86CB-48F2-AC6E-DFE998737C75}.Release|x86.Build.0 = Release|Any CPU
		{934E906C-81D6-40A2-97D7-882782A21E2B}.Debug|Any CPU.ActiveCfg = Debug|Any CPU
		{934E906C-81D6-40A2-97D7-882782A21E2B}.Debug|Any CPU.Build.0 = Debug|Any CPU
		{934E906C-81D6-40A2-97D7-882782A21E2B}.Debug|x64.ActiveCfg = Debug|Any CPU
		{934E906C-81D6-40A2-97D7-882782A21E2B}.Debug|x64.Build.0 = Debug|Any CPU
		{934E906C-81D6-40A2-97D7-882782A21E2B}.Debug|x86.ActiveCfg = Debug|Any CPU
		{934E906C-81D6-40A2-97D7-882782A21E2B}.Debug|x86.Build.0 = Debug|Any CPU
		{934E906C-81D6-40A2-97D7-882782A21E2B}.Release|Any CPU.ActiveCfg = Release|Any CPU
		{934E906C-81D6-40A2-97D7-882782A21E2B}.Release|Any CPU.Build.0 = Release|Any CPU
		{934E906C-81D6-40A2-97D7-882782A21E2B}.Release|x64.ActiveCfg = Release|Any CPU
		{934E906C-81D6-40A2-97D7-882782A21E2B}.Release|x64.Build.0 = Release|Any CPU
		{934E906C-81D6-40A2-97D7-882782A21E2B}.Release|x86.ActiveCfg = Release|Any CPU
		{934E906C-81D6-40A2-97D7-882782A21E2B}.Release|x86.Build.0 = Release|Any CPU
		{9FB72D8E-1027-42C6-BBFD-DDCD8B268D29}.Debug|Any CPU.ActiveCfg = Debug|Any CPU
		{9FB72D8E-1027-42C6-BBFD-DDCD8B268D29}.Debug|Any CPU.Build.0 = Debug|Any CPU
		{9FB72D8E-1027-42C6-BBFD-DDCD8B268D29}.Debug|x64.ActiveCfg = Debug|Any CPU
		{9FB72D8E-1027-42C6-BBFD-DDCD8B268D29}.Debug|x64.Build.0 = Debug|Any CPU
		{9FB72D8E-1027-42C6-BBFD-DDCD8B268D29}.Debug|x86.ActiveCfg = Debug|Any CPU
		{9FB72D8E-1027-42C6-BBFD-DDCD8B268D29}.Debug|x86.Build.0 = Debug|Any CPU
		{9FB72D8E-1027-42C6-BBFD-DDCD8B268D29}.Release|Any CPU.ActiveCfg = Release|Any CPU
		{9FB72D8E-1027-42C6-BBFD-DDCD8B268D29}.Release|Any CPU.Build.0 = Release|Any CPU
		{9FB72D8E-1027-42C6-BBFD-DDCD8B268D29}.Release|x64.ActiveCfg = Release|Any CPU
		{9FB72D8E-1027-42C6-BBFD-DDCD8B268D29}.Release|x64.Build.0 = Release|Any CPU
		{9FB72D8E-1027-42C6-BBFD-DDCD8B268D29}.Release|x86.ActiveCfg = Release|Any CPU
		{9FB72D8E-1027-42C6-BBFD-DDCD8B268D29}.Release|x86.Build.0 = Release|Any CPU
		{572563D3-CFFE-4781-8EAC-7261A350CDC3}.Debug|Any CPU.ActiveCfg = Debug|Any CPU
		{572563D3-CFFE-4781-8EAC-7261A350CDC3}.Debug|Any CPU.Build.0 = Debug|Any CPU
		{572563D3-CFFE-4781-8EAC-7261A350CDC3}.Debug|x64.ActiveCfg = Debug|Any CPU
		{572563D3-CFFE-4781-8EAC-7261A350CDC3}.Debug|x64.Build.0 = Debug|Any CPU
		{572563D3-CFFE-4781-8EAC-7261A350CDC3}.Debug|x86.ActiveCfg = Debug|Any CPU
		{572563D3-CFFE-4781-8EAC-7261A350CDC3}.Debug|x86.Build.0 = Debug|Any CPU
		{572563D3-CFFE-4781-8EAC-7261A350CDC3}.Release|Any CPU.ActiveCfg = Release|Any CPU
		{572563D3-CFFE-4781-8EAC-7261A350CDC3}.Release|Any CPU.Build.0 = Release|Any CPU
		{572563D3-CFFE-4781-8EAC-7261A350CDC3}.Release|x64.ActiveCfg = Release|Any CPU
		{572563D3-CFFE-4781-8EAC-7261A350CDC3}.Release|x64.Build.0 = Release|Any CPU
		{572563D3-CFFE-4781-8EAC-7261A350CDC3}.Release|x86.ActiveCfg = Release|Any CPU
		{572563D3-CFFE-4781-8EAC-7261A350CDC3}.Release|x86.Build.0 = Release|Any CPU
		{D61DEA06-0C8B-4457-BF7B-8EB3A3DA017B}.Debug|Any CPU.ActiveCfg = Debug|Any CPU
		{D61DEA06-0C8B-4457-BF7B-8EB3A3DA017B}.Debug|Any CPU.Build.0 = Debug|Any CPU
		{D61DEA06-0C8B-4457-BF7B-8EB3A3DA017B}.Debug|x64.ActiveCfg = Debug|Any CPU
		{D61DEA06-0C8B-4457-BF7B-8EB3A3DA017B}.Debug|x64.Build.0 = Debug|Any CPU
		{D61DEA06-0C8B-4457-BF7B-8EB3A3DA017B}.Debug|x86.ActiveCfg = Debug|Any CPU
		{D61DEA06-0C8B-4457-BF7B-8EB3A3DA017B}.Debug|x86.Build.0 = Debug|Any CPU
		{D61DEA06-0C8B-4457-BF7B-8EB3A3DA017B}.Release|Any CPU.ActiveCfg = Release|Any CPU
		{D61DEA06-0C8B-4457-BF7B-8EB3A3DA017B}.Release|Any CPU.Build.0 = Release|Any CPU
		{D61DEA06-0C8B-4457-BF7B-8EB3A3DA017B}.Release|x64.ActiveCfg = Release|Any CPU
		{D61DEA06-0C8B-4457-BF7B-8EB3A3DA017B}.Release|x64.Build.0 = Release|Any CPU
		{D61DEA06-0C8B-4457-BF7B-8EB3A3DA017B}.Release|x86.ActiveCfg = Release|Any CPU
		{D61DEA06-0C8B-4457-BF7B-8EB3A3DA017B}.Release|x86.Build.0 = Release|Any CPU
		{6E728F40-CFEB-4B2C-BB65-36B69F2F7DD4}.Debug|Any CPU.ActiveCfg = Debug|Any CPU
		{6E728F40-CFEB-4B2C-BB65-36B69F2F7DD4}.Debug|Any CPU.Build.0 = Debug|Any CPU
		{6E728F40-CFEB-4B2C-BB65-36B69F2F7DD4}.Debug|x64.ActiveCfg = Debug|Any CPU
		{6E728F40-CFEB-4B2C-BB65-36B69F2F7DD4}.Debug|x64.Build.0 = Debug|Any CPU
		{6E728F40-CFEB-4B2C-BB65-36B69F2F7DD4}.Debug|x86.ActiveCfg = Debug|Any CPU
		{6E728F40-CFEB-4B2C-BB65-36B69F2F7DD4}.Debug|x86.Build.0 = Debug|Any CPU
		{6E728F40-CFEB-4B2C-BB65-36B69F2F7DD4}.Release|Any CPU.ActiveCfg = Release|Any CPU
		{6E728F40-CFEB-4B2C-BB65-36B69F2F7DD4}.Release|Any CPU.Build.0 = Release|Any CPU
		{6E728F40-CFEB-4B2C-BB65-36B69F2F7DD4}.Release|x64.ActiveCfg = Release|Any CPU
		{6E728F40-CFEB-4B2C-BB65-36B69F2F7DD4}.Release|x64.Build.0 = Release|Any CPU
		{6E728F40-CFEB-4B2C-BB65-36B69F2F7DD4}.Release|x86.ActiveCfg = Release|Any CPU
		{6E728F40-CFEB-4B2C-BB65-36B69F2F7DD4}.Release|x86.Build.0 = Release|Any CPU
	EndGlobalSection
	GlobalSection(SolutionProperties) = preSolution
		HideSolutionNode = FALSE
	EndGlobalSection
	GlobalSection(ExtensibilityGlobals) = postSolution
		SolutionGuid = {1963A90C-E484-412D-A255-0F95D9671761}
	EndGlobalSection
EndGlobal
