
Microsoft Visual Studio Solution File, Format Version 12.00
# Visual Studio Version 16
VisualStudioVersion = 16.0.30114.105
MinimumVisualStudioVersion = 10.0.40219.1
Project("{FAE04EC0-301F-11D3-BF4B-00C04F79EFBC}") = "R5T.Pickwich.Norsica", "R5T.Pickwich.Norsica\R5T.Pickwich.Norsica.csproj", "{61723554-B9A3-474D-B297-FA4F4CE5B75B}"
EndProject
Project("{FAE04EC0-301F-11D3-BF4B-00C04F79EFBC}") = "R5T.Pickwich.Norsica.Construction", "R5T.Pickwich.Norsica.Construction\R5T.Pickwich.Norsica.Construction.csproj", "{5F09584B-E2B1-42A2-B091-D133277CD034}"
EndProject
Project("{FAE04EC0-301F-11D3-BF4B-00C04F79EFBC}") = "R5T.Pickwich.Norsica.Testing", "R5T.Pickwich.Norsica.Testing\R5T.Pickwich.Norsica.Testing.csproj", "{2730128A-3CC4-41E7-8AC0-5E447710C00E}"
EndProject
Project("{2150E333-8FDC-42A3-9474-1A3956D46DE8}") = "_Dependencies", "_Dependencies", "{D9C92286-5221-4A6B-BC98-61329F1306B7}"
EndProject
Project("{FAE04EC0-301F-11D3-BF4B-00C04F79EFBC}") = "R5T.T0064", "..\..\R5T.T0064\source\R5T.T0064\R5T.T0064.csproj", "{9AB47EDE-2654-4619-882A-9B216F59CDCB}"
EndProject
Global
	GlobalSection(SolutionConfigurationPlatforms) = preSolution
		Debug|Any CPU = Debug|Any CPU
		Debug|x64 = Debug|x64
		Debug|x86 = Debug|x86
		Release|Any CPU = Release|Any CPU
		Release|x64 = Release|x64
		Release|x86 = Release|x86
	EndGlobalSection
	GlobalSection(SolutionProperties) = preSolution
		HideSolutionNode = FALSE
	EndGlobalSection
	GlobalSection(ProjectConfigurationPlatforms) = postSolution
		{61723554-B9A3-474D-B297-FA4F4CE5B75B}.Debug|Any CPU.ActiveCfg = Debug|Any CPU
		{61723554-B9A3-474D-B297-FA4F4CE5B75B}.Debug|Any CPU.Build.0 = Debug|Any CPU
		{61723554-B9A3-474D-B297-FA4F4CE5B75B}.Debug|x64.ActiveCfg = Debug|Any CPU
		{61723554-B9A3-474D-B297-FA4F4CE5B75B}.Debug|x64.Build.0 = Debug|Any CPU
		{61723554-B9A3-474D-B297-FA4F4CE5B75B}.Debug|x86.ActiveCfg = Debug|Any CPU
		{61723554-B9A3-474D-B297-FA4F4CE5B75B}.Debug|x86.Build.0 = Debug|Any CPU
		{61723554-B9A3-474D-B297-FA4F4CE5B75B}.Release|Any CPU.ActiveCfg = Release|Any CPU
		{61723554-B9A3-474D-B297-FA4F4CE5B75B}.Release|Any CPU.Build.0 = Release|Any CPU
		{61723554-B9A3-474D-B297-FA4F4CE5B75B}.Release|x64.ActiveCfg = Release|Any CPU
		{61723554-B9A3-474D-B297-FA4F4CE5B75B}.Release|x64.Build.0 = Release|Any CPU
		{61723554-B9A3-474D-B297-FA4F4CE5B75B}.Release|x86.ActiveCfg = Release|Any CPU
		{61723554-B9A3-474D-B297-FA4F4CE5B75B}.Release|x86.Build.0 = Release|Any CPU
		{5F09584B-E2B1-42A2-B091-D133277CD034}.Debug|Any CPU.ActiveCfg = Debug|Any CPU
		{5F09584B-E2B1-42A2-B091-D133277CD034}.Debug|Any CPU.Build.0 = Debug|Any CPU
		{5F09584B-E2B1-42A2-B091-D133277CD034}.Debug|x64.ActiveCfg = Debug|Any CPU
		{5F09584B-E2B1-42A2-B091-D133277CD034}.Debug|x64.Build.0 = Debug|Any CPU
		{5F09584B-E2B1-42A2-B091-D133277CD034}.Debug|x86.ActiveCfg = Debug|Any CPU
		{5F09584B-E2B1-42A2-B091-D133277CD034}.Debug|x86.Build.0 = Debug|Any CPU
		{5F09584B-E2B1-42A2-B091-D133277CD034}.Release|Any CPU.ActiveCfg = Release|Any CPU
		{5F09584B-E2B1-42A2-B091-D133277CD034}.Release|Any CPU.Build.0 = Release|Any CPU
		{5F09584B-E2B1-42A2-B091-D133277CD034}.Release|x64.ActiveCfg = Release|Any CPU
		{5F09584B-E2B1-42A2-B091-D133277CD034}.Release|x64.Build.0 = Release|Any CPU
		{5F09584B-E2B1-42A2-B091-D133277CD034}.Release|x86.ActiveCfg = Release|Any CPU
		{5F09584B-E2B1-42A2-B091-D133277CD034}.Release|x86.Build.0 = Release|Any CPU
		{2730128A-3CC4-41E7-8AC0-5E447710C00E}.Debug|Any CPU.ActiveCfg = Debug|Any CPU
		{2730128A-3CC4-41E7-8AC0-5E447710C00E}.Debug|Any CPU.Build.0 = Debug|Any CPU
		{2730128A-3CC4-41E7-8AC0-5E447710C00E}.Debug|x64.ActiveCfg = Debug|Any CPU
		{2730128A-3CC4-41E7-8AC0-5E447710C00E}.Debug|x64.Build.0 = Debug|Any CPU
		{2730128A-3CC4-41E7-8AC0-5E447710C00E}.Debug|x86.ActiveCfg = Debug|Any CPU
		{2730128A-3CC4-41E7-8AC0-5E447710C00E}.Debug|x86.Build.0 = Debug|Any CPU
		{2730128A-3CC4-41E7-8AC0-5E447710C00E}.Release|Any CPU.ActiveCfg = Release|Any CPU
		{2730128A-3CC4-41E7-8AC0-5E447710C00E}.Release|Any CPU.Build.0 = Release|Any CPU
		{2730128A-3CC4-41E7-8AC0-5E447710C00E}.Release|x64.ActiveCfg = Release|Any CPU
		{2730128A-3CC4-41E7-8AC0-5E447710C00E}.Release|x64.Build.0 = Release|Any CPU
		{2730128A-3CC4-41E7-8AC0-5E447710C00E}.Release|x86.ActiveCfg = Release|Any CPU
		{2730128A-3CC4-41E7-8AC0-5E447710C00E}.Release|x86.Build.0 = Release|Any CPU
		{9AB47EDE-2654-4619-882A-9B216F59CDCB}.Debug|Any CPU.ActiveCfg = Debug|Any CPU
		{9AB47EDE-2654-4619-882A-9B216F59CDCB}.Debug|Any CPU.Build.0 = Debug|Any CPU
		{9AB47EDE-2654-4619-882A-9B216F59CDCB}.Debug|x64.ActiveCfg = Debug|Any CPU
		{9AB47EDE-2654-4619-882A-9B216F59CDCB}.Debug|x64.Build.0 = Debug|Any CPU
		{9AB47EDE-2654-4619-882A-9B216F59CDCB}.Debug|x86.ActiveCfg = Debug|Any CPU
		{9AB47EDE-2654-4619-882A-9B216F59CDCB}.Debug|x86.Build.0 = Debug|Any CPU
		{9AB47EDE-2654-4619-882A-9B216F59CDCB}.Release|Any CPU.ActiveCfg = Release|Any CPU
		{9AB47EDE-2654-4619-882A-9B216F59CDCB}.Release|Any CPU.Build.0 = Release|Any CPU
		{9AB47EDE-2654-4619-882A-9B216F59CDCB}.Release|x64.ActiveCfg = Release|Any CPU
		{9AB47EDE-2654-4619-882A-9B216F59CDCB}.Release|x64.Build.0 = Release|Any CPU
		{9AB47EDE-2654-4619-882A-9B216F59CDCB}.Release|x86.ActiveCfg = Release|Any CPU
		{9AB47EDE-2654-4619-882A-9B216F59CDCB}.Release|x86.Build.0 = Release|Any CPU
	EndGlobalSection
	GlobalSection(NestedProjects) = preSolution
		{9AB47EDE-2654-4619-882A-9B216F59CDCB} = {D9C92286-5221-4A6B-BC98-61329F1306B7}
	EndGlobalSection
EndGlobal
